
Microsoft Visual Studio Solution File, Format Version 12.00
# Visual Studio Version 17
VisualStudioVersion = 17.5.33502.453
MinimumVisualStudioVersion = 10.0.40219.1
Project("{FAE04EC0-301F-11D3-BF4B-00C04F79EFBC}") = "CashDispenser2.0", "CashDispenser2.0\CashDispenser2.0.csproj", "{8F1B4B97-E7CD-489F-8577-335D7EC1887B}"
EndProject
Global
	GlobalSection(SolutionConfigurationPlatforms) = preSolution
		Debug|Any CPU = Debug|Any CPU
		Release|Any CPU = Release|Any CPU
	EndGlobalSection
	GlobalSection(ProjectConfigurationPlatforms) = postSolution
		{8F1B4B97-E7CD-489F-8577-335D7EC1887B}.Debug|Any CPU.ActiveCfg = Debug|Any CPU
		{8F1B4B97-E7CD-489F-8577-335D7EC1887B}.Debug|Any CPU.Build.0 = Debug|Any CPU
		{8F1B4B97-E7CD-489F-8577-335D7EC1887B}.Release|Any CPU.ActiveCfg = Release|Any CPU
		{8F1B4B97-E7CD-489F-8577-335D7EC1887B}.Release|Any CPU.Build.0 = Release|Any CPU
	EndGlobalSection
	GlobalSection(SolutionProperties) = preSolution
		HideSolutionNode = FALSE
	EndGlobalSection
	GlobalSection(ExtensibilityGlobals) = postSolution
		SolutionGuid = {FB9DDE51-2F68-4C32-99FB-387F3334E239}
	EndGlobalSection
EndGlobal
